// !$*UTF8*$!
{
	archiveVersion = 1;
	classes = {
	};
	objectVersion = 46;
	objects = {

/* Begin PBXBuildFile section */
		05818F361F2D0C1B004BFA7F /* AppDelegate.swift in Sources */ = {isa = PBXBuildFile; fileRef = 05818F351F2D0C1B004BFA7F /* AppDelegate.swift */; };
		05818F381F2D0C1B004BFA7F /* ViewController.swift in Sources */ = {isa = PBXBuildFile; fileRef = 05818F371F2D0C1B004BFA7F /* ViewController.swift */; };
		05818F3B1F2D0C1B004BFA7F /* Main.storyboard in Resources */ = {isa = PBXBuildFile; fileRef = 05818F391F2D0C1B004BFA7F /* Main.storyboard */; };
		05818F3E1F2D0C1B004BFA7F /* Mi_Band_for_Swift.xcdatamodeld in Sources */ = {isa = PBXBuildFile; fileRef = 05818F3C1F2D0C1B004BFA7F /* Mi_Band_for_Swift.xcdatamodeld */; };
		05818F401F2D0C1B004BFA7F /* Assets.xcassets in Resources */ = {isa = PBXBuildFile; fileRef = 05818F3F1F2D0C1B004BFA7F /* Assets.xcassets */; };
		05818F431F2D0C1C004BFA7F /* LaunchScreen.storyboard in Resources */ = {isa = PBXBuildFile; fileRef = 05818F411F2D0C1B004BFA7F /* LaunchScreen.storyboard */; };
/* End PBXBuildFile section */

/* Begin PBXFileReference section */
		05818F321F2D0C1B004BFA7F /* Mi-Band for Swift.app */ = {isa = PBXFileReference; explicitFileType = wrapper.application; includeInIndex = 0; path = "Mi-Band for Swift.app"; sourceTree = BUILT_PRODUCTS_DIR; };
		05818F351F2D0C1B004BFA7F /* AppDelegate.swift */ = {isa = PBXFileReference; lastKnownFileType = sourcecode.swift; path = AppDelegate.swift; sourceTree = "<group>"; };
		05818F371F2D0C1B004BFA7F /* ViewController.swift */ = {isa = PBXFileReference; lastKnownFileType = sourcecode.swift; path = ViewController.swift; sourceTree = "<group>"; };
		05818F3A1F2D0C1B004BFA7F /* Base */ = {isa = PBXFileReference; lastKnownFileType = file.storyboard; name = Base; path = Base.lproj/Main.storyboard; sourceTree = "<group>"; };
		05818F3D1F2D0C1B004BFA7F /* Mi_Band_for_Swift.xcdatamodel */ = {isa = PBXFileReference; lastKnownFileType = wrapper.xcdatamodel; path = Mi_Band_for_Swift.xcdatamodel; sourceTree = "<group>"; };
		05818F3F1F2D0C1B004BFA7F /* Assets.xcassets */ = {isa = PBXFileReference; lastKnownFileType = folder.assetcatalog; path = Assets.xcassets; sourceTree = "<group>"; };
		05818F421F2D0C1B004BFA7F /* Base */ = {isa = PBXFileReference; lastKnownFileType = file.storyboard; name = Base; path = Base.lproj/LaunchScreen.storyboard; sourceTree = "<group>"; };
		05818F441F2D0C1C004BFA7F /* Info.plist */ = {isa = PBXFileReference; lastKnownFileType = text.plist.xml; path = Info.plist; sourceTree = "<group>"; };
/* End PBXFileReference section */

/* Begin PBXFrameworksBuildPhase section */
		05818F2F1F2D0C1B004BFA7F /* Frameworks */ = {
			isa = PBXFrameworksBuildPhase;
			buildActionMask = 2147483647;
			files = (
			);
			runOnlyForDeploymentPostprocessing = 0;
		};
/* End PBXFrameworksBuildPhase section */

/* Begin PBXGroup section */
		05818F291F2D0C1B004BFA7F = {
			isa = PBXGroup;
			children = (
				05818F341F2D0C1B004BFA7F /* Mi-Band for Swift */,
				05818F331F2D0C1B004BFA7F /* Products */,
			);
			sourceTree = "<group>";
		};
		05818F331F2D0C1B004BFA7F /* Products */ = {
			isa = PBXGroup;
			children = (
				05818F321F2D0C1B004BFA7F /* Mi-Band for Swift.app */,
			);
			name = Products;
			sourceTree = "<group>";
		};
		05818F341F2D0C1B004BFA7F /* Mi-Band for Swift */ = {
			isa = PBXGroup;
			children = (
				05818F351F2D0C1B004BFA7F /* AppDelegate.swift */,
				05818F371F2D0C1B004BFA7F /* ViewController.swift */,
				05818F391F2D0C1B004BFA7F /* Main.storyboard */,
				05818F3F1F2D0C1B004BFA7F /* Assets.xcassets */,
				05818F411F2D0C1B004BFA7F /* LaunchScreen.storyboard */,
				05818F441F2D0C1C004BFA7F /* Info.plist */,
				05818F3C1F2D0C1B004BFA7F /* Mi_Band_for_Swift.xcdatamodeld */,
			);
			path = "Mi-Band for Swift";
			sourceTree = "<group>";
		};
/* End PBXGroup section */

/* Begin PBXNativeTarget section */
		05818F311F2D0C1B004BFA7F /* Mi-Band for Swift */ = {
			isa = PBXNativeTarget;
			buildConfigurationList = 05818F471F2D0C1C004BFA7F /* Build configuration list for PBXNativeTarget "Mi-Band for Swift" */;
			buildPhases = (
				05818F2E1F2D0C1B004BFA7F /* Sources */,
				05818F2F1F2D0C1B004BFA7F /* Frameworks */,
				05818F301F2D0C1B004BFA7F /* Resources */,
			);
			buildRules = (
			);
			dependencies = (
			);
			name = "Mi-Band for Swift";
			productName = "Mi-Band for Swift";
			productReference = 05818F321F2D0C1B004BFA7F /* Mi-Band for Swift.app */;
			productType = "com.apple.product-type.application";
		};
/* End PBXNativeTarget section */

/* Begin PBXProject section */
		05818F2A1F2D0C1B004BFA7F /* Project object */ = {
			isa = PBXProject;
			attributes = {
				LastSwiftUpdateCheck = 0830;
				LastUpgradeCheck = 0830;
				ORGANIZATIONNAME = zero2one;
				TargetAttributes = {
					05818F311F2D0C1B004BFA7F = {
						CreatedOnToolsVersion = 8.3.3;
						DevelopmentTeam = WZ3R73MV5S;
						ProvisioningStyle = Automatic;
					};
				};
			};
			buildConfigurationList = 05818F2D1F2D0C1B004BFA7F /* Build configuration list for PBXProject "Mi-Band for Swift" */;
			compatibilityVersion = "Xcode 3.2";
			developmentRegion = English;
			hasScannedForEncodings = 0;
			knownRegions = (
				en,
				Base,
			);
			mainGroup = 05818F291F2D0C1B004BFA7F;
			productRefGroup = 05818F331F2D0C1B004BFA7F /* Products */;
			projectDirPath = "";
			projectRoot = "";
			targets = (
				05818F311F2D0C1B004BFA7F /* Mi-Band for Swift */,
			);
		};
/* End PBXProject section */

/* Begin PBXResourcesBuildPhase section */
		05818F301F2D0C1B004BFA7F /* Resources */ = {
			isa = PBXResourcesBuildPhase;
			buildActionMask = 2147483647;
			files = (
				05818F431F2D0C1C004BFA7F /* LaunchScreen.storyboard in Resources */,
				05818F401F2D0C1B004BFA7F /* Assets.xcassets in Resources */,
				05818F3B1F2D0C1B004BFA7F /* Main.storyboard in Resources */,
			);
			runOnlyForDeploymentPostprocessing = 0;
		};
/* End PBXResourcesBuildPhase section */

/* Begin PBXSourcesBuildPhase section */
		05818F2E1F2D0C1B004BFA7F /* Sources */ = {
			isa = PBXSourcesBuildPhase;
			buildActionMask = 2147483647;
			files = (
				05818F381F2D0C1B004BFA7F /* ViewController.swift in Sources */,
				05818F3E1F2D0C1B004BFA7F /* Mi_Band_for_Swift.xcdatamodeld in Sources */,
				05818F361F2D0C1B004BFA7F /* AppDelegate.swift in Sources */,
			);
			runOnlyForDeploymentPostprocessing = 0;
		};
/* End PBXSourcesBuildPhase section */

/* Begin PBXVariantGroup section */
		05818F391F2D0C1B004BFA7F /* Main.storyboard */ = {
			isa = PBXVariantGroup;
			children = (
				05818F3A1F2D0C1B004BFA7F /* Base */,
			);
			name = Main.storyboard;
			sourceTree = "<group>";
		};
		05818F411F2D0C1B004BFA7F /* LaunchScreen.storyboard */ = {
			isa = PBXVariantGroup;
			children = (
				05818F421F2D0C1B004BFA7F /* Base */,
			);
			name = LaunchScreen.storyboard;
			sourceTree = "<group>";
		};
/* End PBXVariantGroup section */

/* Begin XCBuildConfiguration section */
		05818F451F2D0C1C004BFA7F /* Debug */ = {
			isa = XCBuildConfiguration;
			buildSettings = {
				ALWAYS_SEARCH_USER_PATHS = NO;
				CLANG_ANALYZER_NONNULL = YES;
				CLANG_ANALYZER_NUMBER_OBJECT_CONVERSION = YES_AGGRESSIVE;
				CLANG_CXX_LANGUAGE_STANDARD = "gnu++0x";
				CLANG_CXX_LIBRARY = "libc++";
				CLANG_ENABLE_MODULES = YES;
				CLANG_ENABLE_OBJC_ARC = YES;
				CLANG_WARN_BOOL_CONVERSION = YES;
				CLANG_WARN_CONSTANT_CONVERSION = YES;
				CLANG_WARN_DIRECT_OBJC_ISA_USAGE = YES_ERROR;
				CLANG_WARN_DOCUMENTATION_COMMENTS = YES;
				CLANG_WARN_EMPTY_BODY = YES;
				CLANG_WARN_ENUM_CONVERSION = YES;
				CLANG_WARN_INFINITE_RECURSION = YES;
				CLANG_WARN_INT_CONVERSION = YES;
				CLANG_WARN_OBJC_ROOT_CLASS = YES_ERROR;
				CLANG_WARN_SUSPICIOUS_MOVE = YES;
				CLANG_WARN_UNREACHABLE_CODE = YES;
				CLANG_WARN__DUPLICATE_METHOD_MATCH = YES;
				"CODE_SIGN_IDENTITY[sdk=iphoneos*]" = "iPhone Developer";
				COPY_PHASE_STRIP = NO;
				DEBUG_INFORMATION_FORMAT = dwarf;
				ENABLE_STRICT_OBJC_MSGSEND = YES;
				ENABLE_TESTABILITY = YES;
				GCC_C_LANGUAGE_STANDARD = gnu99;
				GCC_DYNAMIC_NO_PIC = NO;
				GCC_NO_COMMON_BLOCKS = YES;
				GCC_OPTIMIZATION_LEVEL = 0;
				GCC_PREPROCESSOR_DEFINITIONS = (
					"DEBUG=1",
					"$(inherited)",
				);
				GCC_WARN_64_TO_32_BIT_CONVERSION = YES;
				GCC_WARN_ABOUT_RETURN_TYPE = YES_ERROR;
				GCC_WARN_UNDECLARED_SELECTOR = YES;
				GCC_WARN_UNINITIALIZED_AUTOS = YES_AGGRESSIVE;
				GCC_WARN_UNUSED_FUNCTION = YES;
				GCC_WARN_UNUSED_VARIABLE = YES;
				IPHONEOS_DEPLOYMENT_TARGET = 10.3;
				MTL_ENABLE_DEBUG_INFO = YES;
				ONLY_ACTIVE_ARCH = YES;
				SDKROOT = iphoneos;
				SWIFT_ACTIVE_COMPILATION_CONDITIONS = DEBUG;
				SWIFT_OPTIMIZATION_LEVEL = "-Onone";
				TARGETED_DEVICE_FAMILY = "1,2";
			};
			name = Debug;
		};
		05818F461F2D0C1C004BFA7F /* Release */ = {
			isa = XCBuildConfiguration;
			buildSettings = {
				ALWAYS_SEARCH_USER_PATHS = NO;
				CLANG_ANALYZER_NONNULL = YES;
				CLANG_ANALYZER_NUMBER_OBJECT_CONVERSION = YES_AGGRESSIVE;
				CLANG_CXX_LANGUAGE_STANDARD = "gnu++0x";
				CLANG_CXX_LIBRARY = "libc++";
				CLANG_ENABLE_MODULES = YES;
				CLANG_ENABLE_OBJC_ARC = YES;
				CLANG_WARN_BOOL_CONVERSION = YES;
				CLANG_WARN_CONSTANT_CONVERSION = YES;
				CLANG_WARN_DIRECT_OBJC_ISA_USAGE = YES_ERROR;
				CLANG_WARN_DOCUMENTATION_COMMENTS = YES;
				CLANG_WARN_EMPTY_BODY = YES;
				CLANG_WARN_ENUM_CONVERSION = YES;
				CLANG_WARN_INFINITE_RECURSION = YES;
				CLANG_WARN_INT_CONVERSION = YES;
				CLANG_WARN_OBJC_ROOT_CLASS = YES_ERROR;
				CLANG_WARN_SUSPICIOUS_MOVE = YES;
				CLANG_WARN_UNREACHABLE_CODE = YES;
				CLANG_WARN__DUPLICATE_METHOD_MATCH = YES;
				"CODE_SIGN_IDENTITY[sdk=iphoneos*]" = "iPhone Developer";
				COPY_PHASE_STRIP = NO;
				DEBUG_INFORMATION_FORMAT = "dwarf-with-dsym";
				ENABLE_NS_ASSERTIONS = NO;
				ENABLE_STRICT_OBJC_MSGSEND = YES;
				GCC_C_LANGUAGE_STANDARD = gnu99;
				GCC_NO_COMMON_BLOCKS = YES;
				GCC_WARN_64_TO_32_BIT_CONVERSION = YES;
				GCC_WARN_ABOUT_RETURN_TYPE = YES_ERROR;
				GCC_WARN_UNDECLARED_SELECTOR = YES;
				GCC_WARN_UNINITIALIZED_AUTOS = YES_AGGRESSIVE;
				GCC_WARN_UNUSED_FUNCTION = YES;
				GCC_WARN_UNUSED_VARIABLE = YES;
				IPHONEOS_DEPLOYMENT_TARGET = 10.3;
				MTL_ENABLE_DEBUG_INFO = NO;
				SDKROOT = iphoneos;
				SWIFT_OPTIMIZATION_LEVEL = "-Owholemodule";
				TARGETED_DEVICE_FAMILY = "1,2";
				VALIDATE_PRODUCT = YES;
			};
			name = Release;
		};
		05818F481F2D0C1C004BFA7F /* Debug */ = {
			isa = XCBuildConfiguration;
			buildSettings = {
				ASSETCATALOG_COMPILER_APPICON_NAME = AppIcon;
				DEVELOPMENT_TEAM = WZ3R73MV5S;
				INFOPLIST_FILE = "Mi-Band for Swift/Info.plist";
				LD_RUNPATH_SEARCH_PATHS = "$(inherited) @executable_path/Frameworks";
				PRODUCT_BUNDLE_IDENTIFIER = "de.tvbeerfelden.Mi-Band-for-Swift";
				PRODUCT_NAME = "$(TARGET_NAME)";
				SWIFT_VERSION = 3.0;
			};
			name = Debug;
		};
		05818F491F2D0C1C004BFA7F /* Release */ = {
			isa = XCBuildConfiguration;
			buildSettings = {
				ASSETCATALOG_COMPILER_APPICON_NAME = AppIcon;
				DEVELOPMENT_TEAM = WZ3R73MV5S;
				INFOPLIST_FILE = "Mi-Band for Swift/Info.plist";
				LD_RUNPATH_SEARCH_PATHS = "$(inherited) @executable_path/Frameworks";
				PRODUCT_BUNDLE_IDENTIFIER = "de.tvbeerfelden.Mi-Band-for-Swift";
				PRODUCT_NAME = "$(TARGET_NAME)";
				SWIFT_VERSION = 3.0;
			};
			name = Release;
		};
/* End XCBuildConfiguration section */

/* Begin XCConfigurationList section */
		05818F2D1F2D0C1B004BFA7F /* Build configuration list for PBXProject "Mi-Band for Swift" */ = {
			isa = XCConfigurationList;
			buildConfigurations = (
				05818F451F2D0C1C004BFA7F /* Debug */,
				05818F461F2D0C1C004BFA7F /* Release */,
			);
			defaultConfigurationIsVisible = 0;
			defaultConfigurationName = Release;
		};
		05818F471F2D0C1C004BFA7F /* Build configuration list for PBXNativeTarget "Mi-Band for Swift" */ = {
			isa = XCConfigurationList;
			buildConfigurations = (
				05818F481F2D0C1C004BFA7F /* Debug */,
				05818F491F2D0C1C004BFA7F /* Release */,
			);
			defaultConfigurationIsVisible = 0;
		};
/* End XCConfigurationList section */

/* Begin XCVersionGroup section */
		05818F3C1F2D0C1B004BFA7F /* Mi_Band_for_Swift.xcdatamodeld */ = {
			isa = XCVersionGroup;
			children = (
				05818F3D1F2D0C1B004BFA7F /* Mi_Band_for_Swift.xcdatamodel */,
			);
			currentVersion = 05818F3D1F2D0C1B004BFA7F /* Mi_Band_for_Swift.xcdatamodel */;
			path = Mi_Band_for_Swift.xcdatamodeld;
			sourceTree = "<group>";
			versionGroupType = wrapper.xcdatamodel;
		};
/* End XCVersionGroup section */
	};
	rootObject = 05818F2A1F2D0C1B004BFA7F /* Project object */;
}
